// !$*UTF8*$!
{
	archiveVersion = 1;
	classes = {
	};
	objectVersion = 77;
	objects = {

/* Begin PBXBuildFile section */
		081527CAB740A7A734E55C46 /* BlockFrameWatchApp.swift in Sources */ = {isa = PBXBuildFile; fileRef = E3B99A2CCF988F358E862FC2 /* BlockFrameWatchApp.swift */; };
		6408CF84786C3FD9304698B0 /* ContentView.swift in Sources */ = {isa = PBXBuildFile; fileRef = B11C84B2A92BCC64D213AB46 /* ContentView.swift */; };
		7138A47C38A08C4155AA1A8D /* Engine.swift in Sources */ = {isa = PBXBuildFile; fileRef = 89231786D314ECF618E87FBC /* Engine.swift */; };
		74D4DFA21F9489645E432025 /* Theme.swift in Sources */ = {isa = PBXBuildFile; fileRef = 336B3BD1DC740F22DC648136 /* Theme.swift */; };
		7FDF5BDB7049B8E908E35EDE /* Store.swift in Sources */ = {isa = PBXBuildFile; fileRef = 6F22386F81AC1EC608604026 /* Store.swift */; };
		A1054D48FD1656E6B4D246ED /* Assets.xcassets in Resources */ = {isa = PBXBuildFile; fileRef = 7407E5D9F55A18236CA5565A /* Assets.xcassets */; };
		AEBFA72FECE20B3A34AA3B8C /* Presets.swift in Sources */ = {isa = PBXBuildFile; fileRef = 53A1862A4A6B49CCD9402FF6 /* Presets.swift */; };
		CDDD5BAFEA13324B75B9FC7B /* CanvasView.swift in Sources */ = {isa = PBXBuildFile; fileRef = CC8E6E6C1B3BA285F13404CC /* CanvasView.swift */; };
		D450C03BF368E6F5B63BCFDE /* PaletteView.swift in Sources */ = {isa = PBXBuildFile; fileRef = C9AC91B527A803B7C81E45FE /* PaletteView.swift */; };
/* End PBXBuildFile section */

/* Begin PBXFileReference section */
		336B3BD1DC740F22DC648136 /* Theme.swift */ = {isa = PBXFileReference; lastKnownFileType = sourcecode.swift; path = Theme.swift; sourceTree = "<group>"; };
		53A1862A4A6B49CCD9402FF6 /* Presets.swift */ = {isa = PBXFileReference; lastKnownFileType = sourcecode.swift; path = Presets.swift; sourceTree = "<group>"; };
		6F22386F81AC1EC608604026 /* Store.swift */ = {isa = PBXFileReference; lastKnownFileType = sourcecode.swift; path = Store.swift; sourceTree = "<group>"; };
		7407E5D9F55A18236CA5565A /* Assets.xcassets */ = {isa = PBXFileReference; lastKnownFileType = folder.assetcatalog; path = Assets.xcassets; sourceTree = "<group>"; };
		89231786D314ECF618E87FBC /* Engine.swift */ = {isa = PBXFileReference; lastKnownFileType = sourcecode.swift; path = Engine.swift; sourceTree = "<group>"; };
		B11C84B2A92BCC64D213AB46 /* ContentView.swift */ = {isa = PBXFileReference; lastKnownFileType = sourcecode.swift; path = ContentView.swift; sourceTree = "<group>"; };
		C9AC91B527A803B7C81E45FE /* PaletteView.swift */ = {isa = PBXFileReference; lastKnownFileType = sourcecode.swift; path = PaletteView.swift; sourceTree = "<group>"; };
		CC8E6E6C1B3BA285F13404CC /* CanvasView.swift */ = {isa = PBXFileReference; lastKnownFileType = sourcecode.swift; path = CanvasView.swift; sourceTree = "<group>"; };
		E0316559F8698F8C10DAD64F /* BlockFrameWatch.app */ = {isa = PBXFileReference; explicitFileType = wrapper.application; includeInIndex = 0; path = BlockFrameWatch.app; sourceTree = BUILT_PRODUCTS_DIR; };
		E3B99A2CCF988F358E862FC2 /* BlockFrameWatchApp.swift */ = {isa = PBXFileReference; lastKnownFileType = sourcecode.swift; path = BlockFrameWatchApp.swift; sourceTree = "<group>"; };
/* End PBXFileReference section */

/* Begin PBXGroup section */
		05A7C9014E330545FD93ABF3 = {
			isa = PBXGroup;
			children = (
				4C85BE6F4EBF233298B2E62B /* Models */,
				AF00732071A33A5EE611C6D8 /* Views */,
				EC50EF8E9AA86AE5006FE4D1 /* watchos */,
				F8159E3BE477D8D87EEB9C67 /* Products */,
			);
			sourceTree = "<group>";
		};
		4C85BE6F4EBF233298B2E62B /* Models */ = {
			isa = PBXGroup;
			children = (
				89231786D314ECF618E87FBC /* Engine.swift */,
				53A1862A4A6B49CCD9402FF6 /* Presets.swift */,
				6F22386F81AC1EC608604026 /* Store.swift */,
			);
			path = Models;
			sourceTree = "<group>";
		};
		AF00732071A33A5EE611C6D8 /* Views */ = {
			isa = PBXGroup;
			children = (
				CC8E6E6C1B3BA285F13404CC /* CanvasView.swift */,
				C9AC91B527A803B7C81E45FE /* PaletteView.swift */,
				336B3BD1DC740F22DC648136 /* Theme.swift */,
			);
			path = Views;
			sourceTree = "<group>";
		};
		EC50EF8E9AA86AE5006FE4D1 /* watchos */ = {
			isa = PBXGroup;
			children = (
				7407E5D9F55A18236CA5565A /* Assets.xcassets */,
				E3B99A2CCF988F358E862FC2 /* BlockFrameWatchApp.swift */,
				B11C84B2A92BCC64D213AB46 /* ContentView.swift */,
				4C85BE6F4EBF233298B2E62B /* Models */,
				AF00732071A33A5EE611C6D8 /* Views */,
			);
			name = watchos;
			path = .;
			sourceTree = "<group>";
		};
		F8159E3BE477D8D87EEB9C67 /* Products */ = {
			isa = PBXGroup;
			children = (
				E0316559F8698F8C10DAD64F /* BlockFrameWatch.app */,
			);
			name = Products;
			sourceTree = "<group>";
		};
/* End PBXGroup section */

/* Begin PBXNativeTarget section */
		41271FF1C784074C6D7A7DBF /* BlockFrameWatch */ = {
			isa = PBXNativeTarget;
			buildConfigurationList = 66B5338812EA3F529EF951F7 /* Build configuration list for PBXNativeTarget "BlockFrameWatch" */;
			buildPhases = (
				20D73F8D94124515811FC728 /* Sources */,
				39047CAD790E1550A4B3790D /* Resources */,
			);
			buildRules = (
			);
			dependencies = (
			);
			name = BlockFrameWatch;
			packageProductDependencies = (
			);
			productName = BlockFrameWatch;
			productReference = E0316559F8698F8C10DAD64F /* BlockFrameWatch.app */;
			productType = "com.apple.product-type.application";
		};
/* End PBXNativeTarget section */

/* Begin PBXProject section */
		81526846113D10A5BD3F351B /* Project object */ = {
			isa = PBXProject;
			attributes = {
				BuildIndependentTargetsInParallel = YES;
				LastUpgradeCheck = 1430;
				TargetAttributes = {
					41271FF1C784074C6D7A7DBF = {
						DevelopmentTeam = QMM486NPYC;
						ProvisioningStyle = Automatic;
					};
				};
			};
			buildConfigurationList = 81F4E438ABCFEB2521992E3D /* Build configuration list for PBXProject "BlockFrameWatch" */;
			developmentRegion = en;
			hasScannedForEncodings = 0;
			knownRegions = (
				Base,
				en,
			);
			mainGroup = 05A7C9014E330545FD93ABF3;
			minimizedProjectReferenceProxies = 1;
			preferredProjectObjectVersion = 77;
			productRefGroup = F8159E3BE477D8D87EEB9C67 /* Products */;
			projectDirPath = "";
			projectRoot = "";
			targets = (
				41271FF1C784074C6D7A7DBF /* BlockFrameWatch */,
			);
		};
/* End PBXProject section */

/* Begin PBXResourcesBuildPhase section */
		39047CAD790E1550A4B3790D /* Resources */ = {
			isa = PBXResourcesBuildPhase;
			buildActionMask = 2147483647;
			files = (
				A1054D48FD1656E6B4D246ED /* Assets.xcassets in Resources */,
			);
			runOnlyForDeploymentPostprocessing = 0;
		};
/* End PBXResourcesBuildPhase section */

/* Begin PBXSourcesBuildPhase section */
		20D73F8D94124515811FC728 /* Sources */ = {
			isa = PBXSourcesBuildPhase;
			buildActionMask = 2147483647;
			files = (
				081527CAB740A7A734E55C46 /* BlockFrameWatchApp.swift in Sources */,
				CDDD5BAFEA13324B75B9FC7B /* CanvasView.swift in Sources */,
				6408CF84786C3FD9304698B0 /* ContentView.swift in Sources */,
				7138A47C38A08C4155AA1A8D /* Engine.swift in Sources */,
				D450C03BF368E6F5B63BCFDE /* PaletteView.swift in Sources */,
				AEBFA72FECE20B3A34AA3B8C /* Presets.swift in Sources */,
				7FDF5BDB7049B8E908E35EDE /* Store.swift in Sources */,
				74D4DFA21F9489645E432025 /* Theme.swift in Sources */,
			);
			runOnlyForDeploymentPostprocessing = 0;
		};
/* End PBXSourcesBuildPhase section */

/* Begin XCBuildConfiguration section */
		1760351A06D37CBC856028F4 /* Release */ = {
			isa = XCBuildConfiguration;
			buildSettings = {
				ASSETCATALOG_COMPILER_APPICON_NAME = AppIcon;
				GENERATE_INFOPLIST_FILE = YES;
				INFOPLIST_FILE = "";
				INFOPLIST_KEY_WKWatchOnly = YES;
				PRODUCT_BUNDLE_IDENTIFIER = com.nulljosh.wiretext.watchos;
				PRODUCT_NAME = BlockFrame;
				SDKROOT = watchos;
				SKIP_INSTALL = YES;
				TARGETED_DEVICE_FAMILY = 4;
			};
			name = Release;
		};
		220A1148D62D5BF3DCCE3CAA /* Debug */ = {
			isa = XCBuildConfiguration;
			buildSettings = {
				ALWAYS_SEARCH_USER_PATHS = NO;
				CLANG_ANALYZER_NONNULL = YES;
				CLANG_ANALYZER_NUMBER_OBJECT_CONVERSION = YES_AGGRESSIVE;
				CLANG_CXX_LANGUAGE_STANDARD = "gnu++14";
				CLANG_CXX_LIBRARY = "libc++";
				CLANG_ENABLE_MODULES = YES;
				CLANG_ENABLE_OBJC_ARC = YES;
				CLANG_ENABLE_OBJC_WEAK = YES;
				CLANG_WARN_BLOCK_CAPTURE_AUTORELEASING = YES;
				CLANG_WARN_BOOL_CONVERSION = YES;
				CLANG_WARN_COMMA = YES;
				CLANG_WARN_CONSTANT_CONVERSION = YES;
				CLANG_WARN_DEPRECATED_OBJC_IMPLEMENTATIONS = YES;
				CLANG_WARN_DIRECT_OBJC_ISA_USAGE = YES_ERROR;
				CLANG_WARN_DOCUMENTATION_COMMENTS = YES;
				CLANG_WARN_EMPTY_BODY = YES;
				CLANG_WARN_ENUM_CONVERSION = YES;
				CLANG_WARN_INFINITE_RECURSION = YES;
				CLANG_WARN_INT_CONVERSION = YES;
				CLANG_WARN_NON_LITERAL_NULL_CONVERSION = YES;
				CLANG_WARN_OBJC_IMPLICIT_RETAIN_SELF = YES;
				CLANG_WARN_OBJC_LITERAL_CONVERSION = YES;
				CLANG_WARN_OBJC_ROOT_CLASS = YES_ERROR;
				CLANG_WARN_QUOTED_INCLUDE_IN_FRAMEWORK_HEADER = YES;
				CLANG_WARN_RANGE_LOOP_ANALYSIS = YES;
				CLANG_WARN_STRICT_PROTOTYPES = YES;
				CLANG_WARN_SUSPICIOUS_MOVE = YES;
				CLANG_WARN_UNGUARDED_AVAILABILITY = YES_AGGRESSIVE;
				CLANG_WARN_UNREACHABLE_CODE = YES;
				CLANG_WARN__DUPLICATE_METHOD_MATCH = YES;
				CODE_SIGN_STYLE = Automatic;
				COPY_PHASE_STRIP = NO;
				CURRENT_PROJECT_VERSION = 1;
				DEBUG_INFORMATION_FORMAT = dwarf;
				DEVELOPMENT_TEAM = QMM486NPYC;
				ENABLE_STRICT_OBJC_MSGSEND = YES;
				ENABLE_TESTABILITY = YES;
				GCC_C_LANGUAGE_STANDARD = gnu11;
				GCC_DYNAMIC_NO_PIC = NO;
				GCC_NO_COMMON_BLOCKS = YES;
				GCC_OPTIMIZATION_LEVEL = 0;
				GCC_PREPROCESSOR_DEFINITIONS = (
					"$(inherited)",
					"DEBUG=1",
				);
				GCC_WARN_64_TO_32_BIT_CONVERSION = YES;
				GCC_WARN_ABOUT_RETURN_TYPE = YES_ERROR;
				GCC_WARN_UNDECLARED_SELECTOR = YES;
				GCC_WARN_UNINITIALIZED_AUTOS = YES_AGGRESSIVE;
				GCC_WARN_UNUSED_FUNCTION = YES;
				GCC_WARN_UNUSED_VARIABLE = YES;
				MARKETING_VERSION = 1.0.0;
				MTL_ENABLE_DEBUG_INFO = INCLUDE_SOURCE;
				MTL_FAST_MATH = YES;
				ONLY_ACTIVE_ARCH = YES;
				PRODUCT_NAME = "$(TARGET_NAME)";
				SDKROOT = watchos;
				SWIFT_ACTIVE_COMPILATION_CONDITIONS = DEBUG;
				SWIFT_OPTIMIZATION_LEVEL = "-Onone";
				SWIFT_VERSION = 6.0;
				WATCHOS_DEPLOYMENT_TARGET = 10.0;
			};
			name = Debug;
		};
		4BFA782A3F4F816A156E979D /* Release */ = {
			isa = XCBuildConfiguration;
			buildSettings = {
				ALWAYS_SEARCH_USER_PATHS = NO;
				CLANG_ANALYZER_NONNULL = YES;
				CLANG_ANALYZER_NUMBER_OBJECT_CONVERSION = YES_AGGRESSIVE;
				CLANG_CXX_LANGUAGE_STANDARD = "gnu++14";
				CLANG_CXX_LIBRARY = "libc++";
				CLANG_ENABLE_MODULES = YES;
				CLANG_ENABLE_OBJC_ARC = YES;
				CLANG_ENABLE_OBJC_WEAK = YES;
				CLANG_WARN_BLOCK_CAPTURE_AUTORELEASING = YES;
				CLANG_WARN_BOOL_CONVERSION = YES;
				CLANG_WARN_COMMA = YES;
				CLANG_WARN_CONSTANT_CONVERSION = YES;
				CLANG_WARN_DEPRECATED_OBJC_IMPLEMENTATIONS = YES;
				CLANG_WARN_DIRECT_OBJC_ISA_USAGE = YES_ERROR;
				CLANG_WARN_DOCUMENTATION_COMMENTS = YES;
				CLANG_WARN_EMPTY_BODY = YES;
				CLANG_WARN_ENUM_CONVERSION = YES;
				CLANG_WARN_INFINITE_RECURSION = YES;
				CLANG_WARN_INT_CONVERSION = YES;
				CLANG_WARN_NON_LITERAL_NULL_CONVERSION = YES;
				CLANG_WARN_OBJC_IMPLICIT_RETAIN_SELF = YES;
				CLANG_WARN_OBJC_LITERAL_CONVERSION = YES;
				CLANG_WARN_OBJC_ROOT_CLASS = YES_ERROR;
				CLANG_WARN_QUOTED_INCLUDE_IN_FRAMEWORK_HEADER = YES;
				CLANG_WARN_RANGE_LOOP_ANALYSIS = YES;
				CLANG_WARN_STRICT_PROTOTYPES = YES;
				CLANG_WARN_SUSPICIOUS_MOVE = YES;
				CLANG_WARN_UNGUARDED_AVAILABILITY = YES_AGGRESSIVE;
				CLANG_WARN_UNREACHABLE_CODE = YES;
				CLANG_WARN__DUPLICATE_METHOD_MATCH = YES;
				CODE_SIGN_STYLE = Automatic;
				COPY_PHASE_STRIP = NO;
				CURRENT_PROJECT_VERSION = 1;
				DEBUG_INFORMATION_FORMAT = "dwarf-with-dsym";
				DEVELOPMENT_TEAM = QMM486NPYC;
				ENABLE_NS_ASSERTIONS = NO;
				ENABLE_STRICT_OBJC_MSGSEND = YES;
				GCC_C_LANGUAGE_STANDARD = gnu11;
				GCC_NO_COMMON_BLOCKS = YES;
				GCC_WARN_64_TO_32_BIT_CONVERSION = YES;
				GCC_WARN_ABOUT_RETURN_TYPE = YES_ERROR;
				GCC_WARN_UNDECLARED_SELECTOR = YES;
				GCC_WARN_UNINITIALIZED_AUTOS = YES_AGGRESSIVE;
				GCC_WARN_UNUSED_FUNCTION = YES;
				GCC_WARN_UNUSED_VARIABLE = YES;
				MARKETING_VERSION = 1.0.0;
				MTL_ENABLE_DEBUG_INFO = NO;
				MTL_FAST_MATH = YES;
				PRODUCT_NAME = "$(TARGET_NAME)";
				SDKROOT = watchos;
				SWIFT_COMPILATION_MODE = wholemodule;
				SWIFT_OPTIMIZATION_LEVEL = "-O";
				SWIFT_VERSION = 6.0;
				WATCHOS_DEPLOYMENT_TARGET = 10.0;
			};
			name = Release;
		};
		F1200BD8A0FE1775093B1058 /* Debug */ = {
			isa = XCBuildConfiguration;
			buildSettings = {
				ASSETCATALOG_COMPILER_APPICON_NAME = AppIcon;
				GENERATE_INFOPLIST_FILE = YES;
				INFOPLIST_FILE = "";
				INFOPLIST_KEY_WKWatchOnly = YES;
				PRODUCT_BUNDLE_IDENTIFIER = com.nulljosh.wiretext.watchos;
				PRODUCT_NAME = BlockFrame;
				SDKROOT = watchos;
				SKIP_INSTALL = YES;
				TARGETED_DEVICE_FAMILY = 4;
			};
			name = Debug;
		};
/* End XCBuildConfiguration section */

/* Begin XCConfigurationList section */
		66B5338812EA3F529EF951F7 /* Build configuration list for PBXNativeTarget "BlockFrameWatch" */ = {
			isa = XCConfigurationList;
			buildConfigurations = (
				F1200BD8A0FE1775093B1058 /* Debug */,
				1760351A06D37CBC856028F4 /* Release */,
			);
			defaultConfigurationIsVisible = 0;
			defaultConfigurationName = Debug;
		};
		81F4E438ABCFEB2521992E3D /* Build configuration list for PBXProject "BlockFrameWatch" */ = {
			isa = XCConfigurationList;
			buildConfigurations = (
				220A1148D62D5BF3DCCE3CAA /* Debug */,
				4BFA782A3F4F816A156E979D /* Release */,
			);
			defaultConfigurationIsVisible = 0;
			defaultConfigurationName = Debug;
		};
/* End XCConfigurationList section */
	};
	rootObject = 81526846113D10A5BD3F351B /* Project object */;
}
